<?xml version="1.0" encoding="utf-8"?>
<Project ToolsVersion="4.0" xmlns="http://schemas.microsoft.com/developer/msbuild/2003">
  <ItemGroup>
    <Filter Include="Source Files">
      <UniqueIdentifier>{4FC737F1-C7A5-4376-A066-2A32D752A2FF}</UniqueIdentifier>
      <Extensions>cpp;c;cc;cxx;def;odl;idl;hpj;bat;asm;asmx</Extensions>
    </Filter>
    <Filter Include="Header Files">
      <UniqueIdentifier>{93995380-89BD-4b04-88EB-625FBE52EBFB}</UniqueIdentifier>
      <Extensions>h;hh;hpp;hxx;hm;inl;inc;xsd</Extensions>
    </Filter>
    <Filter Include="Resource Files">
      <UniqueIdentifier>{67DA6AB6-F800-4c08-8B7A-83BB121AAD01}</UniqueIdentifier>
      <Extensions>rc;ico;cur;bmp;dlg;rc2;rct;bin;rgs;gif;jpg;jpeg;jpe;resx;tiff;tif;png;wav;mfcribbon-ms</Extensions>
    </Filter>
    <Filter Include="Source Files\vulkan">
      <UniqueIdentifier>{de07190e-267d-4238-beb4-5820f7c46413}</UniqueIdentifier>
    </Filter>
    <Filter Include="Source Files\vulkan\utils">
      <UniqueIdentifier>{3d372ac5-4494-4294-96ee-bb33aff2c2d0}</UniqueIdentifier>
    </Filter>
    <Filter Include="Source Files\vulkan\rendering">
      <UniqueIdentifier>{6299d7ea-542f-4128-aebd-1501969ccb2f}</UniqueIdentifier>
    </Filter>
    <Filter Include="Source Files\vulkan\managers">
      <UniqueIdentifier>{cf4532a2-32b8-46c2-b88c-37c77014028c}</UniqueIdentifier>
    </Filter>
  </ItemGroup>
  <ItemGroup>
    <ClCompile Include="main.cpp">
      <Filter>Source Files</Filter>
    </ClCompile>
    <ClCompile Include="utils.cpp">
      <Filter>Source Files</Filter>
    </ClCompile>
    <ClCompile Include="scene.cpp">
      <Filter>Source Files</Filter>
    </ClCompile>
    <ClCompile Include="frameBuffer.cpp">
      <Filter>Source Files\vulkan</Filter>
    </ClCompile>
    <ClCompile Include="deferred.cpp">
      <Filter>Source Files</Filter>
    </ClCompile>
    <ClCompile Include="vulkanContext.cpp">
      <Filter>Source Files\vulkan</Filter>
    </ClCompile>
    <ClCompile Include="framebufferAttachment.cpp">
      <Filter>Source Files\vulkan</Filter>
    </ClCompile>
    <ClCompile Include="vkWindow.cpp">
      <Filter>Source Files\vulkan</Filter>
    </ClCompile>
    <ClCompile Include="dynamicBuffers.cpp">
      <Filter>Source Files\vulkan</Filter>
    </ClCompile>
    <ClCompile Include="vkUtils.cpp">
      <Filter>Source Files\vulkan\utils</Filter>
    </ClCompile>
    <ClCompile Include="bufferUtils.cpp">
      <Filter>Source Files\vulkan\utils</Filter>
    </ClCompile>
    <ClCompile Include="commandBufferUtils.cpp">
      <Filter>Source Files\vulkan\utils</Filter>
    </ClCompile>
    <ClCompile Include="imageUtils.cpp">
      <Filter>Source Files\vulkan\utils</Filter>
    </ClCompile>
    <ClCompile Include="rendering.cpp">
      <Filter>Source Files\vulkan\rendering</Filter>
    </ClCompile>
    <ClCompile Include="textRendering.cpp">
      <Filter>Source Files\vulkan\rendering</Filter>
    </ClCompile>
    <ClCompile Include="vertexInputs.cpp">
      <Filter>Source Files\vulkan</Filter>
    </ClCompile>
    <ClCompile Include="ssao.cpp">
      <Filter>Source Files</Filter>
    </ClCompile>
    <ClCompile Include="textures.cpp">
      <Filter>Source Files\vulkan\managers</Filter>
    </ClCompile>
    <ClCompile Include="pipelines.cpp">
      <Filter>Source Files\vulkan\managers</Filter>
    </ClCompile>
    <ClCompile Include="shaders.cpp">
      <Filter>Source Files\vulkan\managers</Filter>
    </ClCompile>
    <ClCompile Include="pipelineCreation.cpp">
      <Filter>Source Files\vulkan\managers</Filter>
    </ClCompile>
    <ClCompile Include="meshLoader.cpp">
      <Filter>Source Files\vulkan\managers</Filter>
    </ClCompile>
    <ClCompile Include="meshes.cpp">
      <Filter>Source Files\vulkan\managers</Filter>
    </ClCompile>
    <ClCompile Include="geometry.cpp">
      <Filter>Source Files</Filter>
    </ClCompile>
    <ClCompile Include="deferredRenderPass.cpp">
      <Filter>Source Files\vulkan</Filter>
    </ClCompile>
    <ClCompile Include="camera.cpp">
      <Filter>Source Files</Filter>
    </ClCompile>
  </ItemGroup>
  <ItemGroup>
    <ClInclude Include="vulkanContext.h">
      <Filter>Source Files\vulkan</Filter>
    </ClInclude>
    <ClInclude Include="utils.h">
      <Filter>Source Files</Filter>
    </ClInclude>
    <ClInclude Include="scene.h">
      <Filter>Source Files</Filter>
    </ClInclude>
    <ClInclude Include="frameBuffer.h">
      <Filter>Source Files\vulkan</Filter>
    </ClInclude>
    <ClInclude Include="vkUtils.h">
      <Filter>Source Files\vulkan\utils</Filter>
    </ClInclude>
    <ClInclude Include="framebufferAttachment.h">
      <Filter>Source Files\vulkan</Filter>
    </ClInclude>
    <ClInclude Include="deferred.h">
      <Filter>Source Files</Filter>
    </ClInclude>
    <ClInclude Include="vkDefs.h">
      <Filter>Source Files\vulkan</Filter>
    </ClInclude>
    <ClInclude Include="rendering.h">
      <Filter>Source Files\vulkan\rendering</Filter>
    </ClInclude>
    <ClInclude Include="textures.h">
      <Filter>Source Files\vulkan\managers</Filter>
    </ClInclude>
    <ClInclude Include="pipelines.h">
      <Filter>Source Files\vulkan\managers</Filter>
    </ClInclude>
    <ClInclude Include="shaders.h">
      <Filter>Source Files\vulkan\managers</Filter>
    </ClInclude>
    <ClInclude Include="meshes.h">
      <Filter>Source Files\vulkan\managers</Filter>
    </ClInclude>
    <ClInclude Include="geometry.h">
      <Filter>Source Files</Filter>
    </ClInclude>
    <ClInclude Include="deferredRenderPass.h">
      <Filter>Source Files\vulkan</Filter>
    </ClInclude>
    <ClInclude Include="camera.h">
      <Filter>Source Files</Filter>
    </ClInclude>
    <ClInclude Include="ssao.h">
      <Filter>Source Files\vulkan</Filter>
    </ClInclude>
  </ItemGroup>
  <ItemGroup>
    <None Include="stb_font_consolas_24_latin1.inl">
      <Filter>Resource Files</Filter>
    </None>
  </ItemGroup>
</Project>